
Microsoft Visual Studio Solution File, Format Version 12.00
# Visual Studio Version 17
VisualStudioVersion = 17.5.33424.131
MinimumVisualStudioVersion = 10.0.40219.1
Project("{9A19103F-16F7-4668-BE54-9A1E7A4F7556}") = "Product.WebAPI", "Product.WebAPI\Product.WebAPI.csproj", "{2E2917CB-D160-4DF9-B6DA-08A1B08F51EF}"
EndProject
Project("{2150E333-8FDC-42A3-9474-1A3956D46DE8}") = "Product", "Product", "{9FF43F09-E314-48F4-8B2D-82E1F3722305}"
EndProject
Project("{9A19103F-16F7-4668-BE54-9A1E7A4F7556}") = "Product.Domain", "Product.Domain\Product.Domain.csproj", "{06807EBC-3882-454D-9438-3C05AEF2B853}"
EndProject
Project("{9A19103F-16F7-4668-BE54-9A1E7A4F7556}") = "Product.Infrastructure", "Product.Infrastructure\Product.Infrastructure.csproj", "{A66C6DB3-47CB-4B4E-ACBF-C3303CF6AB55}"
EndProject
Project("{2150E333-8FDC-42A3-9474-1A3956D46DE8}") = "User", "User", "{A4EA4DCD-61B0-4A7C-99B9-DC90813879ED}"
EndProject
Project("{FAE04EC0-301F-11D3-BF4B-00C04F79EFBC}") = "User.WebAPI", "User.WebAPI\User.WebAPI.csproj", "{0B38270A-74B4-4C27-9210-427AB9EA45B2}"
EndProject
Project("{FAE04EC0-301F-11D3-BF4B-00C04F79EFBC}") = "User.Domain", "User.Domain\User.Domain.csproj", "{079E04B0-BEB8-4241-8918-2D68C00F71FB}"
EndProject
Project("{FAE04EC0-301F-11D3-BF4B-00C04F79EFBC}") = "User.Infrastructure", "User.Infrastructure\User.Infrastructure.csproj", "{8B7EE725-0A44-41DB-8720-9172F88ED6BA}"
EndProject
Project("{2150E333-8FDC-42A3-9474-1A3956D46DE8}") = "Common", "Common", "{1FFA5ECB-DC5C-4D29-8DFE-27674F62D36D}"
EndProject
Project("{FAE04EC0-301F-11D3-BF4B-00C04F79EFBC}") = "Common.Jwt", "Common.Jwt\Common.Jwt.csproj", "{049D80A9-6722-4039-B0C5-836A48D494F5}"
EndProject
Project("{FAE04EC0-301F-11D3-BF4B-00C04F79EFBC}") = "Common.RabbitMQ", "Common.RabbitMQ\Common.RabbitMQ.csproj", "{4D809C35-1F86-43CD-8341-08741EF997D9}"
EndProject
Global
	GlobalSection(SolutionConfigurationPlatforms) = preSolution
		Debug|Any CPU = Debug|Any CPU
		Release|Any CPU = Release|Any CPU
	EndGlobalSection
	GlobalSection(ProjectConfigurationPlatforms) = postSolution
		{2E2917CB-D160-4DF9-B6DA-08A1B08F51EF}.Debug|Any CPU.ActiveCfg = Debug|Any CPU
		{2E2917CB-D160-4DF9-B6DA-08A1B08F51EF}.Debug|Any CPU.Build.0 = Debug|Any CPU
		{2E2917CB-D160-4DF9-B6DA-08A1B08F51EF}.Release|Any CPU.ActiveCfg = Release|Any CPU
		{2E2917CB-D160-4DF9-B6DA-08A1B08F51EF}.Release|Any CPU.Build.0 = Release|Any CPU
		{06807EBC-3882-454D-9438-3C05AEF2B853}.Debug|Any CPU.ActiveCfg = Debug|Any CPU
		{06807EBC-3882-454D-9438-3C05AEF2B853}.Debug|Any CPU.Build.0 = Debug|Any CPU
		{06807EBC-3882-454D-9438-3C05AEF2B853}.Release|Any CPU.ActiveCfg = Release|Any CPU
		{06807EBC-3882-454D-9438-3C05AEF2B853}.Release|Any CPU.Build.0 = Release|Any CPU
		{A66C6DB3-47CB-4B4E-ACBF-C3303CF6AB55}.Debug|Any CPU.ActiveCfg = Debug|Any CPU
		{A66C6DB3-47CB-4B4E-ACBF-C3303CF6AB55}.Debug|Any CPU.Build.0 = Debug|Any CPU
		{A66C6DB3-47CB-4B4E-ACBF-C3303CF6AB55}.Release|Any CPU.ActiveCfg = Release|Any CPU
		{A66C6DB3-47CB-4B4E-ACBF-C3303CF6AB55}.Release|Any CPU.Build.0 = Release|Any CPU
		{0B38270A-74B4-4C27-9210-427AB9EA45B2}.Debug|Any CPU.ActiveCfg = Debug|Any CPU
		{0B38270A-74B4-4C27-9210-427AB9EA45B2}.Debug|Any CPU.Build.0 = Debug|Any CPU
		{0B38270A-74B4-4C27-9210-427AB9EA45B2}.Release|Any CPU.ActiveCfg = Release|Any CPU
		{0B38270A-74B4-4C27-9210-427AB9EA45B2}.Release|Any CPU.Build.0 = Release|Any CPU
		{079E04B0-BEB8-4241-8918-2D68C00F71FB}.Debug|Any CPU.ActiveCfg = Debug|Any CPU
		{079E04B0-BEB8-4241-8918-2D68C00F71FB}.Debug|Any CPU.Build.0 = Debug|Any CPU
		{079E04B0-BEB8-4241-8918-2D68C00F71FB}.Release|Any CPU.ActiveCfg = Release|Any CPU
		{079E04B0-BEB8-4241-8918-2D68C00F71FB}.Release|Any CPU.Build.0 = Release|Any CPU
		{8B7EE725-0A44-41DB-8720-9172F88ED6BA}.Debug|Any CPU.ActiveCfg = Debug|Any CPU
		{8B7EE725-0A44-41DB-8720-9172F88ED6BA}.Debug|Any CPU.Build.0 = Debug|Any CPU
		{8B7EE725-0A44-41DB-8720-9172F88ED6BA}.Release|Any CPU.ActiveCfg = Release|Any CPU
		{8B7EE725-0A44-41DB-8720-9172F88ED6BA}.Release|Any CPU.Build.0 = Release|Any CPU
		{049D80A9-6722-4039-B0C5-836A48D494F5}.Debug|Any CPU.ActiveCfg = Debug|Any CPU
		{049D80A9-6722-4039-B0C5-836A48D494F5}.Debug|Any CPU.Build.0 = Debug|Any CPU
		{049D80A9-6722-4039-B0C5-836A48D494F5}.Release|Any CPU.ActiveCfg = Release|Any CPU
		{049D80A9-6722-4039-B0C5-836A48D494F5}.Release|Any CPU.Build.0 = Release|Any CPU
		{4D809C35-1F86-43CD-8341-08741EF997D9}.Debug|Any CPU.ActiveCfg = Debug|Any CPU
		{4D809C35-1F86-43CD-8341-08741EF997D9}.Debug|Any CPU.Build.0 = Debug|Any CPU
		{4D809C35-1F86-43CD-8341-08741EF997D9}.Release|Any CPU.ActiveCfg = Release|Any CPU
		{4D809C35-1F86-43CD-8341-08741EF997D9}.Release|Any CPU.Build.0 = Release|Any CPU
	EndGlobalSection
	GlobalSection(SolutionProperties) = preSolution
		HideSolutionNode = FALSE
	EndGlobalSection
	GlobalSection(NestedProjects) = preSolution
		{2E2917CB-D160-4DF9-B6DA-08A1B08F51EF} = {9FF43F09-E314-48F4-8B2D-82E1F3722305}
		{06807EBC-3882-454D-9438-3C05AEF2B853} = {9FF43F09-E314-48F4-8B2D-82E1F3722305}
		{A66C6DB3-47CB-4B4E-ACBF-C3303CF6AB55} = {9FF43F09-E314-48F4-8B2D-82E1F3722305}
		{0B38270A-74B4-4C27-9210-427AB9EA45B2} = {A4EA4DCD-61B0-4A7C-99B9-DC90813879ED}
		{079E04B0-BEB8-4241-8918-2D68C00F71FB} = {A4EA4DCD-61B0-4A7C-99B9-DC90813879ED}
		{8B7EE725-0A44-41DB-8720-9172F88ED6BA} = {A4EA4DCD-61B0-4A7C-99B9-DC90813879ED}
		{049D80A9-6722-4039-B0C5-836A48D494F5} = {1FFA5ECB-DC5C-4D29-8DFE-27674F62D36D}
		{4D809C35-1F86-43CD-8341-08741EF997D9} = {1FFA5ECB-DC5C-4D29-8DFE-27674F62D36D}
	EndGlobalSection
	GlobalSection(ExtensibilityGlobals) = postSolution
		SolutionGuid = {027A406A-131B-47C4-85D4-A03A85341419}
	EndGlobalSection
EndGlobal
